// !$*UTF8*$!
{
	archiveVersion = 1;
	classes = {
	};
	objectVersion = 46;
	objects = {

/* Begin PBXBuildFile section */
		753829D61AF2990F00A5010D /* AppDelegate.swift in Sources */ = {isa = PBXBuildFile; fileRef = 753829D51AF2990F00A5010D /* AppDelegate.swift */; };
		753829DD1AF2990F00A5010D /* Images.xcassets in Resources */ = {isa = PBXBuildFile; fileRef = 753829DC1AF2990F00A5010D /* Images.xcassets */; };
		753829E01AF2990F00A5010D /* LaunchScreen.xib in Resources */ = {isa = PBXBuildFile; fileRef = 753829DE1AF2990F00A5010D /* LaunchScreen.xib */; };
		753829EC1AF2990F00A5010D /* PrattleTests.swift in Sources */ = {isa = PBXBuildFile; fileRef = 753829EB1AF2990F00A5010D /* PrattleTests.swift */; };
		753829F71AF2997400A5010D /* Bolts.framework in Frameworks */ = {isa = PBXBuildFile; fileRef = 753829F51AF2997400A5010D /* Bolts.framework */; };
		753829F81AF2997400A5010D /* Parse.framework in Frameworks */ = {isa = PBXBuildFile; fileRef = 753829F61AF2997400A5010D /* Parse.framework */; };
		753829FC1AF299C900A5010D /* AudioToolbox.framework in Frameworks */ = {isa = PBXBuildFile; fileRef = 753829FA1AF299C900A5010D /* AudioToolbox.framework */; };
		753829FD1AF299C900A5010D /* CFNetwork.framework in Frameworks */ = {isa = PBXBuildFile; fileRef = 753829FB1AF299C900A5010D /* CFNetwork.framework */; };
		75382A001AF299DD00A5010D /* CoreGraphics.framework in Frameworks */ = {isa = PBXBuildFile; fileRef = 753829FE1AF299DD00A5010D /* CoreGraphics.framework */; };
		75382A011AF299DD00A5010D /* CoreLocation.framework in Frameworks */ = {isa = PBXBuildFile; fileRef = 753829FF1AF299DD00A5010D /* CoreLocation.framework */; };
		75382A071AF29A2600A5010D /* MobileCoreServices.framework in Frameworks */ = {isa = PBXBuildFile; fileRef = 75382A021AF29A2600A5010D /* MobileCoreServices.framework */; };
		75382A081AF29A2600A5010D /* QuartzCore.framework in Frameworks */ = {isa = PBXBuildFile; fileRef = 75382A031AF29A2600A5010D /* QuartzCore.framework */; };
		75382A091AF29A2600A5010D /* Security.framework in Frameworks */ = {isa = PBXBuildFile; fileRef = 75382A041AF29A2600A5010D /* Security.framework */; };
		75382A0A1AF29A2600A5010D /* StoreKit.framework in Frameworks */ = {isa = PBXBuildFile; fileRef = 75382A051AF29A2600A5010D /* StoreKit.framework */; };
		75382A0B1AF29A2600A5010D /* SystemConfiguration.framework in Frameworks */ = {isa = PBXBuildFile; fileRef = 75382A061AF29A2600A5010D /* SystemConfiguration.framework */; };
		75382A0E1AF29A6300A5010D /* libsqlite3.dylib in Frameworks */ = {isa = PBXBuildFile; fileRef = 75382A0C1AF29A6300A5010D /* libsqlite3.dylib */; };
		75382A0F1AF29A6300A5010D /* libz.dylib in Frameworks */ = {isa = PBXBuildFile; fileRef = 75382A0D1AF29A6300A5010D /* libz.dylib */; };
		75382A121AF2C96900A5010D /* Quote.swift in Sources */ = {isa = PBXBuildFile; fileRef = 75382A111AF2C96900A5010D /* Quote.swift */; };
		75382A141AF2CBBD00A5010D /* Author.swift in Sources */ = {isa = PBXBuildFile; fileRef = 75382A131AF2CBBD00A5010D /* Author.swift */; };
		758C1D271AFBEEF8008A47C8 /* authorStore.swift in Sources */ = {isa = PBXBuildFile; fileRef = 758C1D251AFBEEF8008A47C8 /* authorStore.swift */; };
		758C1D281AFBEEF8008A47C8 /* quoteStore.swift in Sources */ = {isa = PBXBuildFile; fileRef = 758C1D261AFBEEF8008A47C8 /* quoteStore.swift */; };
		758C1D2A1AFBEF92008A47C8 /* MainViewController.swift in Sources */ = {isa = PBXBuildFile; fileRef = 758C1D291AFBEF92008A47C8 /* MainViewController.swift */; };
		758C1D301AFBF17E008A47C8 /* Main.storyboard in Resources */ = {isa = PBXBuildFile; fileRef = 758C1D2E1AFBF17E008A47C8 /* Main.storyboard */; };
		758C1D321AFBF22F008A47C8 /* AddQuoteViewController.swift in Sources */ = {isa = PBXBuildFile; fileRef = 758C1D311AFBF22F008A47C8 /* AddQuoteViewController.swift */; };
		758C1D431AFCF8BD008A47C8 /* XCGLogger.framework in Frameworks */ = {isa = PBXBuildFile; fileRef = 758C1D3E1AFCF6CE008A47C8 /* XCGLogger.framework */; };
		758C1D4A1AFCFF41008A47C8 /* stringExt.swift in Sources */ = {isa = PBXBuildFile; fileRef = 758C1D491AFCFF41008A47C8 /* stringExt.swift */; };
		75EBE2851AF9567300F33585 /* prattle_background.png in Resources */ = {isa = PBXBuildFile; fileRef = 75EBE2841AF9567300F33585 /* prattle_background.png */; };
/* End PBXBuildFile section */

/* Begin PBXContainerItemProxy section */
		753829E61AF2990F00A5010D /* PBXContainerItemProxy */ = {
			isa = PBXContainerItemProxy;
			containerPortal = 753829C81AF2990F00A5010D /* Project object */;
			proxyType = 1;
			remoteGlobalIDString = 753829CF1AF2990F00A5010D;
			remoteInfo = Prattle;
		};
		758C1D3D1AFCF6CE008A47C8 /* PBXContainerItemProxy */ = {
			isa = PBXContainerItemProxy;
			containerPortal = 758C1D371AFCF6CE008A47C8 /* XCGLogger.xcodeproj */;
			proxyType = 2;
			remoteGlobalIDString = 55E3EE4519D76F280068C3A7;
			remoteInfo = "XCGLogger (iOS)";
		};
		758C1D3F1AFCF6CE008A47C8 /* PBXContainerItemProxy */ = {
			isa = PBXContainerItemProxy;
			containerPortal = 758C1D371AFCF6CE008A47C8 /* XCGLogger.xcodeproj */;
			proxyType = 2;
			remoteGlobalIDString = 554DF41719D76FE7005708BE;
			remoteInfo = "XCGLogger (OS X)";
		};
		758C1D411AFCF6CE008A47C8 /* PBXContainerItemProxy */ = {
			isa = PBXContainerItemProxy;
			containerPortal = 758C1D371AFCF6CE008A47C8 /* XCGLogger.xcodeproj */;
			proxyType = 2;
			remoteGlobalIDString = 55E3EE5019D76F280068C3A7;
			remoteInfo = XCGLoggerTests;
		};
/* End PBXContainerItemProxy section */

/* Begin PBXFileReference section */
		753829D01AF2990F00A5010D /* Prattle.app */ = {isa = PBXFileReference; explicitFileType = wrapper.application; includeInIndex = 0; path = Prattle.app; sourceTree = BUILT_PRODUCTS_DIR; };
		753829D41AF2990F00A5010D /* Info.plist */ = {isa = PBXFileReference; lastKnownFileType = text.plist.xml; path = Info.plist; sourceTree = "<group>"; };
		753829D51AF2990F00A5010D /* AppDelegate.swift */ = {isa = PBXFileReference; lastKnownFileType = sourcecode.swift; path = AppDelegate.swift; sourceTree = "<group>"; };
		753829DC1AF2990F00A5010D /* Images.xcassets */ = {isa = PBXFileReference; lastKnownFileType = folder.assetcatalog; path = Images.xcassets; sourceTree = "<group>"; };
		753829DF1AF2990F00A5010D /* Base */ = {isa = PBXFileReference; lastKnownFileType = file.xib; name = Base; path = Base.lproj/LaunchScreen.xib; sourceTree = "<group>"; };
		753829E51AF2990F00A5010D /* PrattleTests.xctest */ = {isa = PBXFileReference; explicitFileType = wrapper.cfbundle; includeInIndex = 0; path = PrattleTests.xctest; sourceTree = BUILT_PRODUCTS_DIR; };
		753829EA1AF2990F00A5010D /* Info.plist */ = {isa = PBXFileReference; lastKnownFileType = text.plist.xml; path = Info.plist; sourceTree = "<group>"; };
		753829EB1AF2990F00A5010D /* PrattleTests.swift */ = {isa = PBXFileReference; lastKnownFileType = sourcecode.swift; path = PrattleTests.swift; sourceTree = "<group>"; };
		753829F51AF2997400A5010D /* Bolts.framework */ = {isa = PBXFileReference; lastKnownFileType = wrapper.framework; path = Bolts.framework; sourceTree = "<group>"; };
		753829F61AF2997400A5010D /* Parse.framework */ = {isa = PBXFileReference; lastKnownFileType = wrapper.framework; path = Parse.framework; sourceTree = "<group>"; };
		753829FA1AF299C900A5010D /* AudioToolbox.framework */ = {isa = PBXFileReference; lastKnownFileType = wrapper.framework; name = AudioToolbox.framework; path = System/Library/Frameworks/AudioToolbox.framework; sourceTree = SDKROOT; };
		753829FB1AF299C900A5010D /* CFNetwork.framework */ = {isa = PBXFileReference; lastKnownFileType = wrapper.framework; name = CFNetwork.framework; path = System/Library/Frameworks/CFNetwork.framework; sourceTree = SDKROOT; };
		753829FE1AF299DD00A5010D /* CoreGraphics.framework */ = {isa = PBXFileReference; lastKnownFileType = wrapper.framework; name = CoreGraphics.framework; path = System/Library/Frameworks/CoreGraphics.framework; sourceTree = SDKROOT; };
		753829FF1AF299DD00A5010D /* CoreLocation.framework */ = {isa = PBXFileReference; lastKnownFileType = wrapper.framework; name = CoreLocation.framework; path = System/Library/Frameworks/CoreLocation.framework; sourceTree = SDKROOT; };
		75382A021AF29A2600A5010D /* MobileCoreServices.framework */ = {isa = PBXFileReference; lastKnownFileType = wrapper.framework; name = MobileCoreServices.framework; path = System/Library/Frameworks/MobileCoreServices.framework; sourceTree = SDKROOT; };
		75382A031AF29A2600A5010D /* QuartzCore.framework */ = {isa = PBXFileReference; lastKnownFileType = wrapper.framework; name = QuartzCore.framework; path = System/Library/Frameworks/QuartzCore.framework; sourceTree = SDKROOT; };
		75382A041AF29A2600A5010D /* Security.framework */ = {isa = PBXFileReference; lastKnownFileType = wrapper.framework; name = Security.framework; path = System/Library/Frameworks/Security.framework; sourceTree = SDKROOT; };
		75382A051AF29A2600A5010D /* StoreKit.framework */ = {isa = PBXFileReference; lastKnownFileType = wrapper.framework; name = StoreKit.framework; path = System/Library/Frameworks/StoreKit.framework; sourceTree = SDKROOT; };
		75382A061AF29A2600A5010D /* SystemConfiguration.framework */ = {isa = PBXFileReference; lastKnownFileType = wrapper.framework; name = SystemConfiguration.framework; path = System/Library/Frameworks/SystemConfiguration.framework; sourceTree = SDKROOT; };
		75382A0C1AF29A6300A5010D /* libsqlite3.dylib */ = {isa = PBXFileReference; lastKnownFileType = "compiled.mach-o.dylib"; name = libsqlite3.dylib; path = usr/lib/libsqlite3.dylib; sourceTree = SDKROOT; };
		75382A0D1AF29A6300A5010D /* libz.dylib */ = {isa = PBXFileReference; lastKnownFileType = "compiled.mach-o.dylib"; name = libz.dylib; path = usr/lib/libz.dylib; sourceTree = SDKROOT; };
		75382A111AF2C96900A5010D /* Quote.swift */ = {isa = PBXFileReference; fileEncoding = 4; lastKnownFileType = sourcecode.swift; path = Quote.swift; sourceTree = "<group>"; };
		75382A131AF2CBBD00A5010D /* Author.swift */ = {isa = PBXFileReference; fileEncoding = 4; lastKnownFileType = sourcecode.swift; path = Author.swift; sourceTree = "<group>"; };
		75660A931AFD503700272717 /* Prattle-Bridging-Header.h */ = {isa = PBXFileReference; lastKnownFileType = sourcecode.c.h; path = "Prattle-Bridging-Header.h"; sourceTree = "<group>"; };
		758C1D251AFBEEF8008A47C8 /* authorStore.swift */ = {isa = PBXFileReference; fileEncoding = 4; lastKnownFileType = sourcecode.swift; path = authorStore.swift; sourceTree = "<group>"; };
		758C1D261AFBEEF8008A47C8 /* quoteStore.swift */ = {isa = PBXFileReference; fileEncoding = 4; lastKnownFileType = sourcecode.swift; path = quoteStore.swift; sourceTree = "<group>"; };
		758C1D291AFBEF92008A47C8 /* MainViewController.swift */ = {isa = PBXFileReference; fileEncoding = 4; lastKnownFileType = sourcecode.swift; path = MainViewController.swift; sourceTree = "<group>"; };
		758C1D2F1AFBF17E008A47C8 /* Base */ = {isa = PBXFileReference; lastKnownFileType = file.storyboard; name = Base; path = Base.lproj/Main.storyboard; sourceTree = "<group>"; };
		758C1D311AFBF22F008A47C8 /* AddQuoteViewController.swift */ = {isa = PBXFileReference; fileEncoding = 4; lastKnownFileType = sourcecode.swift; path = AddQuoteViewController.swift; sourceTree = "<group>"; };
		758C1D371AFCF6CE008A47C8 /* XCGLogger.xcodeproj */ = {isa = PBXFileReference; lastKnownFileType = "wrapper.pb-project"; name = XCGLogger.xcodeproj; path = XCGLogger/Library/XCGLogger.xcodeproj; sourceTree = "<group>"; };
		758C1D491AFCFF41008A47C8 /* stringExt.swift */ = {isa = PBXFileReference; fileEncoding = 4; lastKnownFileType = sourcecode.swift; path = stringExt.swift; sourceTree = "<group>"; };
		75EBE2841AF9567300F33585 /* prattle_background.png */ = {isa = PBXFileReference; lastKnownFileType = image.png; path = prattle_background.png; sourceTree = "<group>"; };
/* End PBXFileReference section */

/* Begin PBXFrameworksBuildPhase section */
		753829CD1AF2990F00A5010D /* Frameworks */ = {
			isa = PBXFrameworksBuildPhase;
			buildActionMask = 2147483647;
			files = (
				758C1D431AFCF8BD008A47C8 /* XCGLogger.framework in Frameworks */,
				75382A0E1AF29A6300A5010D /* libsqlite3.dylib in Frameworks */,
				75382A0F1AF29A6300A5010D /* libz.dylib in Frameworks */,
				75382A071AF29A2600A5010D /* MobileCoreServices.framework in Frameworks */,
				75382A081AF29A2600A5010D /* QuartzCore.framework in Frameworks */,
				75382A091AF29A2600A5010D /* Security.framework in Frameworks */,
				75382A0A1AF29A2600A5010D /* StoreKit.framework in Frameworks */,
				75382A0B1AF29A2600A5010D /* SystemConfiguration.framework in Frameworks */,
				75382A001AF299DD00A5010D /* CoreGraphics.framework in Frameworks */,
				75382A011AF299DD00A5010D /* CoreLocation.framework in Frameworks */,
				753829FC1AF299C900A5010D /* AudioToolbox.framework in Frameworks */,
				753829FD1AF299C900A5010D /* CFNetwork.framework in Frameworks */,
				753829F81AF2997400A5010D /* Parse.framework in Frameworks */,
				753829F71AF2997400A5010D /* Bolts.framework in Frameworks */,
			);
			runOnlyForDeploymentPostprocessing = 0;
		};
		753829E21AF2990F00A5010D /* Frameworks */ = {
			isa = PBXFrameworksBuildPhase;
			buildActionMask = 2147483647;
			files = (
			);
			runOnlyForDeploymentPostprocessing = 0;
		};
/* End PBXFrameworksBuildPhase section */

/* Begin PBXGroup section */
		753829C71AF2990E00A5010D = {
			isa = PBXGroup;
			children = (
				758C1D451AFCFF2A008A47C8 /* utils */,
				758C1D241AFBEECC008A47C8 /* Stores */,
				75EBE2831AF9566300F33585 /* Assets */,
				757473921AF3E7920007D4F8 /* Views */,
				75382A101AF2C95200A5010D /* Models */,
				753829F91AF2997D00A5010D /* Frameworks */,
				753829D21AF2990F00A5010D /* Prattle */,
				753829E81AF2990F00A5010D /* PrattleTests */,
				753829D11AF2990F00A5010D /* Products */,
				758C1D371AFCF6CE008A47C8 /* XCGLogger.xcodeproj */,
				75660A931AFD503700272717 /* Prattle-Bridging-Header.h */,
			);
			sourceTree = "<group>";
		};
		753829D11AF2990F00A5010D /* Products */ = {
			isa = PBXGroup;
			children = (
				753829D01AF2990F00A5010D /* Prattle.app */,
				753829E51AF2990F00A5010D /* PrattleTests.xctest */,
			);
			name = Products;
			sourceTree = "<group>";
		};
		753829D21AF2990F00A5010D /* Prattle */ = {
			isa = PBXGroup;
			children = (
				758C1D2E1AFBF17E008A47C8 /* Main.storyboard */,
				753829D51AF2990F00A5010D /* AppDelegate.swift */,
				753829DC1AF2990F00A5010D /* Images.xcassets */,
				753829DE1AF2990F00A5010D /* LaunchScreen.xib */,
				753829D31AF2990F00A5010D /* Supporting Files */,
			);
			path = Prattle;
			sourceTree = "<group>";
		};
		753829D31AF2990F00A5010D /* Supporting Files */ = {
			isa = PBXGroup;
			children = (
				753829D41AF2990F00A5010D /* Info.plist */,
			);
			name = "Supporting Files";
			sourceTree = "<group>";
		};
		753829E81AF2990F00A5010D /* PrattleTests */ = {
			isa = PBXGroup;
			children = (
				753829EB1AF2990F00A5010D /* PrattleTests.swift */,
				753829E91AF2990F00A5010D /* Supporting Files */,
			);
			path = PrattleTests;
			sourceTree = "<group>";
		};
		753829E91AF2990F00A5010D /* Supporting Files */ = {
			isa = PBXGroup;
			children = (
				753829EA1AF2990F00A5010D /* Info.plist */,
			);
			name = "Supporting Files";
			sourceTree = "<group>";
		};
		753829F91AF2997D00A5010D /* Frameworks */ = {
			isa = PBXGroup;
			children = (
				75382A0C1AF29A6300A5010D /* libsqlite3.dylib */,
				75382A0D1AF29A6300A5010D /* libz.dylib */,
				75382A021AF29A2600A5010D /* MobileCoreServices.framework */,
				75382A031AF29A2600A5010D /* QuartzCore.framework */,
				75382A041AF29A2600A5010D /* Security.framework */,
				75382A051AF29A2600A5010D /* StoreKit.framework */,
				75382A061AF29A2600A5010D /* SystemConfiguration.framework */,
				753829FE1AF299DD00A5010D /* CoreGraphics.framework */,
				753829FF1AF299DD00A5010D /* CoreLocation.framework */,
				753829FA1AF299C900A5010D /* AudioToolbox.framework */,
				753829FB1AF299C900A5010D /* CFNetwork.framework */,
				753829F61AF2997400A5010D /* Parse.framework */,
				753829F51AF2997400A5010D /* Bolts.framework */,
			);
			name = Frameworks;
			sourceTree = "<group>";
		};
		75382A101AF2C95200A5010D /* Models */ = {
			isa = PBXGroup;
			children = (
				75382A111AF2C96900A5010D /* Quote.swift */,
				75382A131AF2CBBD00A5010D /* Author.swift */,
			);
			name = Models;
			sourceTree = "<group>";
		};
		757473921AF3E7920007D4F8 /* Views */ = {
			isa = PBXGroup;
			children = (
				758C1D311AFBF22F008A47C8 /* AddQuoteViewController.swift */,
				758C1D291AFBEF92008A47C8 /* MainViewController.swift */,
			);
			name = Views;
			sourceTree = "<group>";
		};
		758C1D241AFBEECC008A47C8 /* Stores */ = {
			isa = PBXGroup;
			children = (
				758C1D251AFBEEF8008A47C8 /* authorStore.swift */,
				758C1D261AFBEEF8008A47C8 /* quoteStore.swift */,
			);
			name = Stores;
			sourceTree = "<group>";
		};
		758C1D381AFCF6CE008A47C8 /* Products */ = {
			isa = PBXGroup;
			children = (
				758C1D3E1AFCF6CE008A47C8 /* XCGLogger.framework */,
				758C1D401AFCF6CE008A47C8 /* XCGLogger.framework */,
				758C1D421AFCF6CE008A47C8 /* XCGLoggerTests.xctest */,
			);
			name = Products;
			sourceTree = "<group>";
		};
		758C1D451AFCFF2A008A47C8 /* utils */ = {
			isa = PBXGroup;
			children = (
				758C1D491AFCFF41008A47C8 /* stringExt.swift */,
			);
			name = utils;
			sourceTree = "<group>";
		};
		75EBE2831AF9566300F33585 /* Assets */ = {
			isa = PBXGroup;
			children = (
				75EBE2841AF9567300F33585 /* prattle_background.png */,
			);
			name = Assets;
			sourceTree = "<group>";
		};
/* End PBXGroup section */

/* Begin PBXNativeTarget section */
		753829CF1AF2990F00A5010D /* Prattle */ = {
			isa = PBXNativeTarget;
			buildConfigurationList = 753829EF1AF2990F00A5010D /* Build configuration list for PBXNativeTarget "Prattle" */;
			buildPhases = (
				753829CC1AF2990F00A5010D /* Sources */,
				753829CD1AF2990F00A5010D /* Frameworks */,
				753829CE1AF2990F00A5010D /* Resources */,
			);
			buildRules = (
			);
			dependencies = (
			);
			name = Prattle;
			productName = Prattle;
			productReference = 753829D01AF2990F00A5010D /* Prattle.app */;
			productType = "com.apple.product-type.application";
		};
		753829E41AF2990F00A5010D /* PrattleTests */ = {
			isa = PBXNativeTarget;
			buildConfigurationList = 753829F21AF2990F00A5010D /* Build configuration list for PBXNativeTarget "PrattleTests" */;
			buildPhases = (
				753829E11AF2990F00A5010D /* Sources */,
				753829E21AF2990F00A5010D /* Frameworks */,
				753829E31AF2990F00A5010D /* Resources */,
			);
			buildRules = (
			);
			dependencies = (
				753829E71AF2990F00A5010D /* PBXTargetDependency */,
			);
			name = PrattleTests;
			productName = PrattleTests;
			productReference = 753829E51AF2990F00A5010D /* PrattleTests.xctest */;
			productType = "com.apple.product-type.bundle.unit-test";
		};
/* End PBXNativeTarget section */

/* Begin PBXProject section */
		753829C81AF2990F00A5010D /* Project object */ = {
			isa = PBXProject;
			attributes = {
				LastUpgradeCheck = 0630;
				ORGANIZATIONNAME = blockpuppy;
				TargetAttributes = {
					753829CF1AF2990F00A5010D = {
						CreatedOnToolsVersion = 6.3.1;
					};
					753829E41AF2990F00A5010D = {
						CreatedOnToolsVersion = 6.3.1;
						TestTargetID = 753829CF1AF2990F00A5010D;
					};
				};
			};
			buildConfigurationList = 753829CB1AF2990F00A5010D /* Build configuration list for PBXProject "Prattle" */;
			compatibilityVersion = "Xcode 3.2";
			developmentRegion = English;
			hasScannedForEncodings = 0;
			knownRegions = (
				en,
				Base,
			);
			mainGroup = 753829C71AF2990E00A5010D;
			productRefGroup = 753829D11AF2990F00A5010D /* Products */;
			projectDirPath = "";
			projectReferences = (
				{
					ProductGroup = 758C1D381AFCF6CE008A47C8 /* Products */;
					ProjectRef = 758C1D371AFCF6CE008A47C8 /* XCGLogger.xcodeproj */;
				},
			);
			projectRoot = "";
			targets = (
				753829CF1AF2990F00A5010D /* Prattle */,
				753829E41AF2990F00A5010D /* PrattleTests */,
			);
		};
/* End PBXProject section */

/* Begin PBXReferenceProxy section */
		758C1D3E1AFCF6CE008A47C8 /* XCGLogger.framework */ = {
			isa = PBXReferenceProxy;
			fileType = wrapper.framework;
			path = XCGLogger.framework;
			remoteRef = 758C1D3D1AFCF6CE008A47C8 /* PBXContainerItemProxy */;
			sourceTree = BUILT_PRODUCTS_DIR;
		};
		758C1D401AFCF6CE008A47C8 /* XCGLogger.framework */ = {
			isa = PBXReferenceProxy;
			fileType = wrapper.framework;
			path = XCGLogger.framework;
			remoteRef = 758C1D3F1AFCF6CE008A47C8 /* PBXContainerItemProxy */;
			sourceTree = BUILT_PRODUCTS_DIR;
		};
		758C1D421AFCF6CE008A47C8 /* XCGLoggerTests.xctest */ = {
			isa = PBXReferenceProxy;
			fileType = wrapper.cfbundle;
			path = XCGLoggerTests.xctest;
			remoteRef = 758C1D411AFCF6CE008A47C8 /* PBXContainerItemProxy */;
			sourceTree = BUILT_PRODUCTS_DIR;
		};
/* End PBXReferenceProxy section */

/* Begin PBXResourcesBuildPhase section */
		753829CE1AF2990F00A5010D /* Resources */ = {
			isa = PBXResourcesBuildPhase;
			buildActionMask = 2147483647;
			files = (
				75EBE2851AF9567300F33585 /* prattle_background.png in Resources */,
				753829E01AF2990F00A5010D /* LaunchScreen.xib in Resources */,
				753829DD1AF2990F00A5010D /* Images.xcassets in Resources */,
				758C1D301AFBF17E008A47C8 /* Main.storyboard in Resources */,
			);
			runOnlyForDeploymentPostprocessing = 0;
		};
		753829E31AF2990F00A5010D /* Resources */ = {
			isa = PBXResourcesBuildPhase;
			buildActionMask = 2147483647;
			files = (
			);
			runOnlyForDeploymentPostprocessing = 0;
		};
/* End PBXResourcesBuildPhase section */

/* Begin PBXSourcesBuildPhase section */
		753829CC1AF2990F00A5010D /* Sources */ = {
			isa = PBXSourcesBuildPhase;
			buildActionMask = 2147483647;
			files = (
				758C1D321AFBF22F008A47C8 /* AddQuoteViewController.swift in Sources */,
				758C1D281AFBEEF8008A47C8 /* quoteStore.swift in Sources */,
				758C1D4A1AFCFF41008A47C8 /* stringExt.swift in Sources */,
				75382A121AF2C96900A5010D /* Quote.swift in Sources */,
				75382A141AF2CBBD00A5010D /* Author.swift in Sources */,
				758C1D2A1AFBEF92008A47C8 /* MainViewController.swift in Sources */,
				753829D61AF2990F00A5010D /* AppDelegate.swift in Sources */,
				758C1D271AFBEEF8008A47C8 /* authorStore.swift in Sources */,
			);
			runOnlyForDeploymentPostprocessing = 0;
		};
		753829E11AF2990F00A5010D /* Sources */ = {
			isa = PBXSourcesBuildPhase;
			buildActionMask = 2147483647;
			files = (
				753829EC1AF2990F00A5010D /* PrattleTests.swift in Sources */,
			);
			runOnlyForDeploymentPostprocessing = 0;
		};
/* End PBXSourcesBuildPhase section */

/* Begin PBXTargetDependency section */
		753829E71AF2990F00A5010D /* PBXTargetDependency */ = {
			isa = PBXTargetDependency;
			target = 753829CF1AF2990F00A5010D /* Prattle */;
			targetProxy = 753829E61AF2990F00A5010D /* PBXContainerItemProxy */;
		};
/* End PBXTargetDependency section */

/* Begin PBXVariantGroup section */
		753829DE1AF2990F00A5010D /* LaunchScreen.xib */ = {
			isa = PBXVariantGroup;
			children = (
				753829DF1AF2990F00A5010D /* Base */,
			);
			name = LaunchScreen.xib;
			sourceTree = "<group>";
		};
		758C1D2E1AFBF17E008A47C8 /* Main.storyboard */ = {
			isa = PBXVariantGroup;
			children = (
				758C1D2F1AFBF17E008A47C8 /* Base */,
			);
			name = Main.storyboard;
			sourceTree = "<group>";
		};
/* End PBXVariantGroup section */

/* Begin XCBuildConfiguration section */
		753829ED1AF2990F00A5010D /* Debug */ = {
			isa = XCBuildConfiguration;
			buildSettings = {
				ALWAYS_SEARCH_USER_PATHS = NO;
				"ALWAYS_SEARCH_USER_PATHS[arch=*]" = NO;
				CLANG_CXX_LANGUAGE_STANDARD = "gnu++0x";
				CLANG_CXX_LIBRARY = "libc++";
				CLANG_ENABLE_MODULES = YES;
				CLANG_ENABLE_OBJC_ARC = YES;
				CLANG_WARN_BOOL_CONVERSION = YES;
				CLANG_WARN_CONSTANT_CONVERSION = YES;
				CLANG_WARN_DIRECT_OBJC_ISA_USAGE = YES_ERROR;
				CLANG_WARN_EMPTY_BODY = YES;
				CLANG_WARN_ENUM_CONVERSION = YES;
				CLANG_WARN_INT_CONVERSION = YES;
				CLANG_WARN_OBJC_ROOT_CLASS = YES_ERROR;
				CLANG_WARN_UNREACHABLE_CODE = YES;
				CLANG_WARN__DUPLICATE_METHOD_MATCH = YES;
				"CODE_SIGN_IDENTITY[sdk=iphoneos*]" = "iPhone Developer";
				COPY_PHASE_STRIP = NO;
				DEBUG_INFORMATION_FORMAT = "dwarf-with-dsym";
				ENABLE_STRICT_OBJC_MSGSEND = YES;
				GCC_C_LANGUAGE_STANDARD = gnu99;
				GCC_DYNAMIC_NO_PIC = NO;
				GCC_NO_COMMON_BLOCKS = YES;
				GCC_OPTIMIZATION_LEVEL = 0;
				GCC_PREPROCESSOR_DEFINITIONS = (
					"DEBUG=1",
					"$(inherited)",
				);
				GCC_SYMBOLS_PRIVATE_EXTERN = NO;
				GCC_WARN_64_TO_32_BIT_CONVERSION = YES;
				GCC_WARN_ABOUT_RETURN_TYPE = YES_ERROR;
				GCC_WARN_UNDECLARED_SELECTOR = YES;
				GCC_WARN_UNINITIALIZED_AUTOS = YES_AGGRESSIVE;
				GCC_WARN_UNUSED_FUNCTION = YES;
				GCC_WARN_UNUSED_VARIABLE = YES;
				IPHONEOS_DEPLOYMENT_TARGET = 8.3;
				MTL_ENABLE_DEBUG_INFO = YES;
				ONLY_ACTIVE_ARCH = YES;
				SDKROOT = iphoneos;
				SWIFT_OPTIMIZATION_LEVEL = "-Onone";
			};
			name = Debug;
		};
		753829EE1AF2990F00A5010D /* Release */ = {
			isa = XCBuildConfiguration;
			buildSettings = {
				ALWAYS_SEARCH_USER_PATHS = NO;
				CLANG_CXX_LANGUAGE_STANDARD = "gnu++0x";
				CLANG_CXX_LIBRARY = "libc++";
				CLANG_ENABLE_MODULES = YES;
				CLANG_ENABLE_OBJC_ARC = YES;
				CLANG_WARN_BOOL_CONVERSION = YES;
				CLANG_WARN_CONSTANT_CONVERSION = YES;
				CLANG_WARN_DIRECT_OBJC_ISA_USAGE = YES_ERROR;
				CLANG_WARN_EMPTY_BODY = YES;
				CLANG_WARN_ENUM_CONVERSION = YES;
				CLANG_WARN_INT_CONVERSION = YES;
				CLANG_WARN_OBJC_ROOT_CLASS = YES_ERROR;
				CLANG_WARN_UNREACHABLE_CODE = YES;
				CLANG_WARN__DUPLICATE_METHOD_MATCH = YES;
				"CODE_SIGN_IDENTITY[sdk=iphoneos*]" = "iPhone Developer";
				COPY_PHASE_STRIP = NO;
				DEBUG_INFORMATION_FORMAT = "dwarf-with-dsym";
				ENABLE_NS_ASSERTIONS = NO;
				ENABLE_STRICT_OBJC_MSGSEND = YES;
				GCC_C_LANGUAGE_STANDARD = gnu99;
				GCC_NO_COMMON_BLOCKS = YES;
				GCC_WARN_64_TO_32_BIT_CONVERSION = YES;
				GCC_WARN_ABOUT_RETURN_TYPE = YES_ERROR;
				GCC_WARN_UNDECLARED_SELECTOR = YES;
				GCC_WARN_UNINITIALIZED_AUTOS = YES_AGGRESSIVE;
				GCC_WARN_UNUSED_FUNCTION = YES;
				GCC_WARN_UNUSED_VARIABLE = YES;
				IPHONEOS_DEPLOYMENT_TARGET = 8.3;
				MTL_ENABLE_DEBUG_INFO = NO;
				SDKROOT = iphoneos;
				VALIDATE_PRODUCT = YES;
			};
			name = Release;
		};
		753829F01AF2990F00A5010D /* Debug */ = {
			isa = XCBuildConfiguration;
			buildSettings = {
				ASSETCATALOG_COMPILER_APPICON_NAME = AppIcon;
				CLANG_ENABLE_MODULES = YES;
				FRAMEWORK_SEARCH_PATHS = (
					"$(inherited)",
					"$(PROJECT_DIR)",
				);
				INFOPLIST_FILE = Prattle/Info.plist;
				LD_RUNPATH_SEARCH_PATHS = "$(inherited) @executable_path/Frameworks";
				PRODUCT_NAME = "$(TARGET_NAME)";
				SWIFT_OBJC_BRIDGING_HEADER = "Prattle-Bridging-Header.h";
				SWIFT_OPTIMIZATION_LEVEL = "-Onone";
			};
			name = Debug;
		};
		753829F11AF2990F00A5010D /* Release */ = {
			isa = XCBuildConfiguration;
			buildSettings = {
				ASSETCATALOG_COMPILER_APPICON_NAME = AppIcon;
				CLANG_ENABLE_MODULES = YES;
				FRAMEWORK_SEARCH_PATHS = (
					"$(inherited)",
					"$(PROJECT_DIR)",
				);
				INFOPLIST_FILE = Prattle/Info.plist;
				LD_RUNPATH_SEARCH_PATHS = "$(inherited) @executable_path/Frameworks";
				PRODUCT_NAME = "$(TARGET_NAME)";
				SWIFT_OBJC_BRIDGING_HEADER = "Prattle-Bridging-Header.h";
			};
			name = Release;
		};
		753829F31AF2990F00A5010D /* Debug */ = {
			isa = XCBuildConfiguration;
			buildSettings = {
				BUNDLE_LOADER = "$(TEST_HOST)";
				FRAMEWORK_SEARCH_PATHS = (
					"$(SDKROOT)/Developer/Library/Frameworks",
					"$(inherited)",
				);
				GCC_PREPROCESSOR_DEFINITIONS = (
					"DEBUG=1",
					"$(inherited)",
				);
				INFOPLIST_FILE = PrattleTests/Info.plist;
				LD_RUNPATH_SEARCH_PATHS = "$(inherited) @executable_path/Frameworks @loader_path/Frameworks";
				PRODUCT_NAME = "$(TARGET_NAME)";
				TEST_HOST = "$(BUILT_PRODUCTS_DIR)/Prattle.app/Prattle";
			};
			name = Debug;
		};
		753829F41AF2990F00A5010D /* Release */ = {
			isa = XCBuildConfiguration;
			buildSettings = {
				BUNDLE_LOADER = "$(TEST_HOST)";
				FRAMEWORK_SEARCH_PATHS = (
					"$(SDKROOT)/Developer/Library/Frameworks",
					"$(inherited)",
				);
				INFOPLIST_FILE = PrattleTests/Info.plist;
				LD_RUNPATH_SEARCH_PATHS = "$(inherited) @executable_path/Frameworks @loader_path/Frameworks";
				PRODUCT_NAME = "$(TARGET_NAME)";
				TEST_HOST = "$(BUILT_PRODUCTS_DIR)/Prattle.app/Prattle";
			};
			name = Release;
		};
/* End XCBuildConfiguration section */

/* Begin XCConfigurationList section */
		753829CB1AF2990F00A5010D /* Build configuration list for PBXProject "Prattle" */ = {
			isa = XCConfigurationList;
			buildConfigurations = (
				753829ED1AF2990F00A5010D /* Debug */,
				753829EE1AF2990F00A5010D /* Release */,
			);
			defaultConfigurationIsVisible = 0;
			defaultConfigurationName = Release;
		};
		753829EF1AF2990F00A5010D /* Build configuration list for PBXNativeTarget "Prattle" */ = {
			isa = XCConfigurationList;
			buildConfigurations = (
				753829F01AF2990F00A5010D /* Debug */,
				753829F11AF2990F00A5010D /* Release */,
			);
			defaultConfigurationIsVisible = 0;
			defaultConfigurationName = Release;
		};
		753829F21AF2990F00A5010D /* Build configuration list for PBXNativeTarget "PrattleTests" */ = {
			isa = XCConfigurationList;
			buildConfigurations = (
				753829F31AF2990F00A5010D /* Debug */,
				753829F41AF2990F00A5010D /* Release */,
			);
			defaultConfigurationIsVisible = 0;
			defaultConfigurationName = Release;
		};
/* End XCConfigurationList section */
	};
	rootObject = 753829C81AF2990F00A5010D /* Project object */;
}
